{
  "name": "faery-tale-rs",
  "lockfileVersion": 3,
  "requires": true,
  "packages": {
    "": {
      "dependencies": {
        "@github/copilot": "^1.0.11"
      }
    },
    "node_modules/@github/copilot": {
      "version": "1.0.11",
      "resolved": "https://registry.npmjs.org/@github/copilot/-/copilot-1.0.11.tgz",
      "integrity": "sha512-cptVopko/tNKEXyBP174yBjHQBEwg6CqaKN2S0M3J+5LEB8u31bLL75ioOPd+5vubqBrA0liyTdcHeZ8UTRbmg==",
      "license": "SEE LICENSE IN LICENSE.md",
      "bin": {
        "copilot": "npm-loader.js"
      },
      "optionalDependencies": {
        "@github/copilot-darwin-arm64": "1.0.11",
        "@github/copilot-darwin-x64": "1.0.11",
        "@github/copilot-linux-arm64": "1.0.11",
        "@github/copilot-linux-x64": "1.0.11",
        "@github/copilot-win32-arm64": "1.0.11",
        "@github/copilot-win32-x64": "1.0.11"
      }
    },
    "node_modules/@github/copilot-darwin-arm64": {
      "version": "1.0.11",
      "resolved": "https://registry.npmjs.org/@github/copilot-darwin-arm64/-/copilot-darwin-arm64-1.0.11.tgz",
      "integrity": "sha512-wdKimjtbsVeXqMqQSnGpGBPFEYHljxXNuWeH8EIJTNRgFpAsimcivsFgql3Twq4YOp0AxfsH36icG4IEen30mA==",
      "cpu": [
        "arm64"
      ],
      "license": "SEE LICENSE IN LICENSE.md",
      "optional": true,
      "os": [
        "darwin"
      ],
      "bin": {
        "copilot-darwin-arm64": "copilot"
      }
    },
    "node_modules/@github/copilot-darwin-x64": {
      "version": "1.0.11",
      "resolved": "https://registry.npmjs.org/@github/copilot-darwin-x64/-/copilot-darwin-x64-1.0.11.tgz",
      "integrity": "sha512-VeuPv8rzBVGBB8uDwMEhcHBpldoKaq26yZ5YQm+G9Ka5QIF+1DMah8ZNRMVsTeNKkb1ji9G8vcuCsaPbnG3fKg==",
      "cpu": [
        "x64"
      ],
      "license": "SEE LICENSE IN LICENSE.md",
      "optional": true,
      "os": [
        "darwin"
      ],
      "bin": {
        "copilot-darwin-x64": "copilot"
      }
    },
    "node_modules/@github/copilot-linux-arm64": {
      "version": "1.0.11",
      "resolved": "https://registry.npmjs.org/@github/copilot-linux-arm64/-/copilot-linux-arm64-1.0.11.tgz",
      "integrity": "sha512-/d8p6RlFYKj1Va2hekFIcYNMHWagcEkaxgcllUNXSyQLnmEtXUkaWtz62VKGWE+n/UMkEwCB6vI2xEwPTlUNBQ==",
      "cpu": [
        "arm64"
      ],
      "license": "SEE LICENSE IN LICENSE.md",
      "optional": true,
      "os": [
        "linux"
      ],
      "bin": {
        "copilot-linux-arm64": "copilot"
      }
    },
    "node_modules/@github/copilot-linux-x64": {
      "version": "1.0.11",
      "resolved": "https://registry.npmjs.org/@github/copilot-linux-x64/-/copilot-linux-x64-1.0.11.tgz",
      "integrity": "sha512-UujTRO3xkPFC1CybchBbCnaTEAG6JrH0etIst07JvfekMWgvRxbiCHQPpDPSzBCPiBcGu0gba0/IT+vUCORuIw==",
      "cpu": [
        "x64"
      ],
      "license": "SEE LICENSE IN LICENSE.md",
      "optional": true,
      "os": [
        "linux"
      ],
      "bin": {
        "copilot-linux-x64": "copilot"
      }
    },
    "node_modules/@github/copilot-win32-arm64": {
      "version": "1.0.11",
      "resolved": "https://registry.npmjs.org/@github/copilot-win32-arm64/-/copilot-win32-arm64-1.0.11.tgz",
      "integrity": "sha512-EOW8HUM+EmnHEZEa+iUMl4pP1+2eZUk2XCbynYiMehwX9sidc4BxEHp2RuxADSzFPTieQEWzgjQmHWrtet8pQg==",
      "cpu": [
        "arm64"
      ],
      "license": "SEE LICENSE IN LICENSE.md",
      "optional": true,
      "os": [
        "win32"
      ],
      "bin": {
        "copilot-win32-arm64": "copilot.exe"
      }
    },
    "node_modules/@github/copilot-win32-x64": {
      "version": "1.0.11",
      "resolved": "https://registry.npmjs.org/@github/copilot-win32-x64/-/copilot-win32-x64-1.0.11.tgz",
      "integrity": "sha512-fKGkSNamzs3h9AbmswNvPYJBORCb2Y8CbusijU3C7fT3ohvqnHJwKo5iHhJXLOKZNOpFZgq9YKha410u9sIs6Q==",
      "cpu": [
        "x64"
      ],
      "license": "SEE LICENSE IN LICENSE.md",
      "optional": true,
      "os": [
        "win32"
      ],
      "bin": {
        "copilot-win32-x64": "copilot.exe"
      }
    }
  }
}
